
Microsoft Visual Studio Solution File, Format Version 12.00
# Visual Studio Version 16
VisualStudioVersion = 16.0.30717.126
MinimumVisualStudioVersion = 15.0.26124.0
Project("{2150E333-8FDC-42A3-9474-1A3956D46DE8}") = "src", "src", "{7450F6DA-D6CB-44F5-B552-AB4F4306ADC6}"
EndProject
Project("{2150E333-8FDC-42A3-9474-1A3956D46DE8}") = "CompositePattern", "CompositePattern", "{ACBD1FC5-6F08-453B-9043-000FF6A84E40}"
EndProject
Project("{9A19103F-16F7-4668-BE54-9A1E7A4F7556}") = "Drawer", "src\CompositePattern\Drawer\Drawer.csproj", "{398BB3DB-5DA5-4994-AAC2-4DDD698819B7}"
EndProject
Project("{9A19103F-16F7-4668-BE54-9A1E7A4F7556}") = "FileManager", "src\CompositePattern\FileManager\FileManager.csproj", "{B8C1EEFB-79B6-4E52-83D4-ABA33889C4E1}"
EndProject
Project("{9A19103F-16F7-4668-BE54-9A1E7A4F7556}") = "Neurons", "src\CompositePattern\Nuerons\Neurons.csproj", "{33011664-CCE5-48EC-8A7C-A1C1CA564919}"
EndProject
Project("{2150E333-8FDC-42A3-9474-1A3956D46DE8}") = "StrategyPattern", "StrategyPattern", "{C700D79E-2F26-4285-BEF8-4385D0997229}"
EndProject
Project("{9A19103F-16F7-4668-BE54-9A1E7A4F7556}") = "DuckDuckie", "src\Behaviors\DuckDuckie\DuckDuckie.csproj", "{EB9D9CC4-DA2A-409F-BF69-26AB20D98BBD}"
EndProject
Project("{2150E333-8FDC-42A3-9474-1A3956D46DE8}") = "ObserverPattern", "ObserverPattern", "{BEB3B889-9584-45C1-891C-168860F00357}"
EndProject
Project("{9A19103F-16F7-4668-BE54-9A1E7A4F7556}") = "WeatherStation.CustomInterfaces", "src\ObserverPattern\WeatherStation\WeatherStation.CustomInterfaces.csproj", "{7022F9F5-D22E-4D7C-9CFD-C4F9EDB88F27}"
EndProject
Project("{FAE04EC0-301F-11D3-BF4B-00C04F79EFBC}") = "PersonSimulator", "src\ObserverPattern\PersonSimulator\PersonSimulator.csproj", "{A8B61C1C-C8E9-44EA-9A6E-31EB067A983C}"
EndProject
Project("{FAE04EC0-301F-11D3-BF4B-00C04F79EFBC}") = "UIApp", "src\ObserverPattern\UIApp\UIApp.csproj", "{50D9A246-477E-40CF-98AA-6DF4CBF73B0F}"
EndProject
Project("{2150E333-8FDC-42A3-9474-1A3956D46DE8}") = "DecoratorPattern", "DecoratorPattern", "{FE35B6A1-3707-45BE-93D8-A6BFC1DD5731}"
EndProject
Project("{FAE04EC0-301F-11D3-BF4B-00C04F79EFBC}") = "CoffeeShop", "src\DecoratorPattern\CoffeeShop\CoffeeShop.csproj", "{F2CCB455-204D-4621-8936-DD1FC3853795}"
EndProject
Project("{2150E333-8FDC-42A3-9474-1A3956D46DE8}") = "FactoryPattern", "FactoryPattern", "{84305846-6B59-4522-B154-8AFBB678FD46}"
EndProject
Project("{FAE04EC0-301F-11D3-BF4B-00C04F79EFBC}") = "DebonairsPizzaApp", "src\FactoryPattern\DebonairsPizzaApp\DebonairsPizzaApp.csproj", "{54C9299D-ED4C-45BB-97DA-4669A3DF51B2}"
EndProject
Global
	GlobalSection(SolutionConfigurationPlatforms) = preSolution
		Debug|Any CPU = Debug|Any CPU
		Debug|x64 = Debug|x64
		Debug|x86 = Debug|x86
		Release|Any CPU = Release|Any CPU
		Release|x64 = Release|x64
		Release|x86 = Release|x86
	EndGlobalSection
	GlobalSection(ProjectConfigurationPlatforms) = postSolution
		{398BB3DB-5DA5-4994-AAC2-4DDD698819B7}.Debug|Any CPU.ActiveCfg = Debug|Any CPU
		{398BB3DB-5DA5-4994-AAC2-4DDD698819B7}.Debug|Any CPU.Build.0 = Debug|Any CPU
		{398BB3DB-5DA5-4994-AAC2-4DDD698819B7}.Debug|x64.ActiveCfg = Debug|Any CPU
		{398BB3DB-5DA5-4994-AAC2-4DDD698819B7}.Debug|x64.Build.0 = Debug|Any CPU
		{398BB3DB-5DA5-4994-AAC2-4DDD698819B7}.Debug|x86.ActiveCfg = Debug|Any CPU
		{398BB3DB-5DA5-4994-AAC2-4DDD698819B7}.Debug|x86.Build.0 = Debug|Any CPU
		{398BB3DB-5DA5-4994-AAC2-4DDD698819B7}.Release|Any CPU.ActiveCfg = Release|Any CPU
		{398BB3DB-5DA5-4994-AAC2-4DDD698819B7}.Release|Any CPU.Build.0 = Release|Any CPU
		{398BB3DB-5DA5-4994-AAC2-4DDD698819B7}.Release|x64.ActiveCfg = Release|Any CPU
		{398BB3DB-5DA5-4994-AAC2-4DDD698819B7}.Release|x64.Build.0 = Release|Any CPU
		{398BB3DB-5DA5-4994-AAC2-4DDD698819B7}.Release|x86.ActiveCfg = Release|Any CPU
		{398BB3DB-5DA5-4994-AAC2-4DDD698819B7}.Release|x86.Build.0 = Release|Any CPU
		{B8C1EEFB-79B6-4E52-83D4-ABA33889C4E1}.Debug|Any CPU.ActiveCfg = Debug|Any CPU
		{B8C1EEFB-79B6-4E52-83D4-ABA33889C4E1}.Debug|Any CPU.Build.0 = Debug|Any CPU
		{B8C1EEFB-79B6-4E52-83D4-ABA33889C4E1}.Debug|x64.ActiveCfg = Debug|Any CPU
		{B8C1EEFB-79B6-4E52-83D4-ABA33889C4E1}.Debug|x64.Build.0 = Debug|Any CPU
		{B8C1EEFB-79B6-4E52-83D4-ABA33889C4E1}.Debug|x86.ActiveCfg = Debug|Any CPU
		{B8C1EEFB-79B6-4E52-83D4-ABA33889C4E1}.Debug|x86.Build.0 = Debug|Any CPU
		{B8C1EEFB-79B6-4E52-83D4-ABA33889C4E1}.Release|Any CPU.ActiveCfg = Release|Any CPU
		{B8C1EEFB-79B6-4E52-83D4-ABA33889C4E1}.Release|Any CPU.Build.0 = Release|Any CPU
		{B8C1EEFB-79B6-4E52-83D4-ABA33889C4E1}.Release|x64.ActiveCfg = Release|Any CPU
		{B8C1EEFB-79B6-4E52-83D4-ABA33889C4E1}.Release|x64.Build.0 = Release|Any CPU
		{B8C1EEFB-79B6-4E52-83D4-ABA33889C4E1}.Release|x86.ActiveCfg = Release|Any CPU
		{B8C1EEFB-79B6-4E52-83D4-ABA33889C4E1}.Release|x86.Build.0 = Release|Any CPU
		{33011664-CCE5-48EC-8A7C-A1C1CA564919}.Debug|Any CPU.ActiveCfg = Debug|Any CPU
		{33011664-CCE5-48EC-8A7C-A1C1CA564919}.Debug|Any CPU.Build.0 = Debug|Any CPU
		{33011664-CCE5-48EC-8A7C-A1C1CA564919}.Debug|x64.ActiveCfg = Debug|Any CPU
		{33011664-CCE5-48EC-8A7C-A1C1CA564919}.Debug|x64.Build.0 = Debug|Any CPU
		{33011664-CCE5-48EC-8A7C-A1C1CA564919}.Debug|x86.ActiveCfg = Debug|Any CPU
		{33011664-CCE5-48EC-8A7C-A1C1CA564919}.Debug|x86.Build.0 = Debug|Any CPU
		{33011664-CCE5-48EC-8A7C-A1C1CA564919}.Release|Any CPU.ActiveCfg = Release|Any CPU
		{33011664-CCE5-48EC-8A7C-A1C1CA564919}.Release|Any CPU.Build.0 = Release|Any CPU
		{33011664-CCE5-48EC-8A7C-A1C1CA564919}.Release|x64.ActiveCfg = Release|Any CPU
		{33011664-CCE5-48EC-8A7C-A1C1CA564919}.Release|x64.Build.0 = Release|Any CPU
		{33011664-CCE5-48EC-8A7C-A1C1CA564919}.Release|x86.ActiveCfg = Release|Any CPU
		{33011664-CCE5-48EC-8A7C-A1C1CA564919}.Release|x86.Build.0 = Release|Any CPU
		{EB9D9CC4-DA2A-409F-BF69-26AB20D98BBD}.Debug|Any CPU.ActiveCfg = Debug|Any CPU
		{EB9D9CC4-DA2A-409F-BF69-26AB20D98BBD}.Debug|Any CPU.Build.0 = Debug|Any CPU
		{EB9D9CC4-DA2A-409F-BF69-26AB20D98BBD}.Debug|x64.ActiveCfg = Debug|Any CPU
		{EB9D9CC4-DA2A-409F-BF69-26AB20D98BBD}.Debug|x64.Build.0 = Debug|Any CPU
		{EB9D9CC4-DA2A-409F-BF69-26AB20D98BBD}.Debug|x86.ActiveCfg = Debug|Any CPU
		{EB9D9CC4-DA2A-409F-BF69-26AB20D98BBD}.Debug|x86.Build.0 = Debug|Any CPU
		{EB9D9CC4-DA2A-409F-BF69-26AB20D98BBD}.Release|Any CPU.ActiveCfg = Release|Any CPU
		{EB9D9CC4-DA2A-409F-BF69-26AB20D98BBD}.Release|Any CPU.Build.0 = Release|Any CPU
		{EB9D9CC4-DA2A-409F-BF69-26AB20D98BBD}.Release|x64.ActiveCfg = Release|Any CPU
		{EB9D9CC4-DA2A-409F-BF69-26AB20D98BBD}.Release|x64.Build.0 = Release|Any CPU
		{EB9D9CC4-DA2A-409F-BF69-26AB20D98BBD}.Release|x86.ActiveCfg = Release|Any CPU
		{EB9D9CC4-DA2A-409F-BF69-26AB20D98BBD}.Release|x86.Build.0 = Release|Any CPU
		{7022F9F5-D22E-4D7C-9CFD-C4F9EDB88F27}.Debug|Any CPU.ActiveCfg = Debug|Any CPU
		{7022F9F5-D22E-4D7C-9CFD-C4F9EDB88F27}.Debug|Any CPU.Build.0 = Debug|Any CPU
		{7022F9F5-D22E-4D7C-9CFD-C4F9EDB88F27}.Debug|x64.ActiveCfg = Debug|Any CPU
		{7022F9F5-D22E-4D7C-9CFD-C4F9EDB88F27}.Debug|x64.Build.0 = Debug|Any CPU
		{7022F9F5-D22E-4D7C-9CFD-C4F9EDB88F27}.Debug|x86.ActiveCfg = Debug|Any CPU
		{7022F9F5-D22E-4D7C-9CFD-C4F9EDB88F27}.Debug|x86.Build.0 = Debug|Any CPU
		{7022F9F5-D22E-4D7C-9CFD-C4F9EDB88F27}.Release|Any CPU.ActiveCfg = Release|Any CPU
		{7022F9F5-D22E-4D7C-9CFD-C4F9EDB88F27}.Release|Any CPU.Build.0 = Release|Any CPU
		{7022F9F5-D22E-4D7C-9CFD-C4F9EDB88F27}.Release|x64.ActiveCfg = Release|Any CPU
		{7022F9F5-D22E-4D7C-9CFD-C4F9EDB88F27}.Release|x64.Build.0 = Release|Any CPU
		{7022F9F5-D22E-4D7C-9CFD-C4F9EDB88F27}.Release|x86.ActiveCfg = Release|Any CPU
		{7022F9F5-D22E-4D7C-9CFD-C4F9EDB88F27}.Release|x86.Build.0 = Release|Any CPU
		{A8B61C1C-C8E9-44EA-9A6E-31EB067A983C}.Debug|Any CPU.ActiveCfg = Debug|Any CPU
		{A8B61C1C-C8E9-44EA-9A6E-31EB067A983C}.Debug|Any CPU.Build.0 = Debug|Any CPU
		{A8B61C1C-C8E9-44EA-9A6E-31EB067A983C}.Debug|x64.ActiveCfg = Debug|Any CPU
		{A8B61C1C-C8E9-44EA-9A6E-31EB067A983C}.Debug|x64.Build.0 = Debug|Any CPU
		{A8B61C1C-C8E9-44EA-9A6E-31EB067A983C}.Debug|x86.ActiveCfg = Debug|Any CPU
		{A8B61C1C-C8E9-44EA-9A6E-31EB067A983C}.Debug|x86.Build.0 = Debug|Any CPU
		{A8B61C1C-C8E9-44EA-9A6E-31EB067A983C}.Release|Any CPU.ActiveCfg = Release|Any CPU
		{A8B61C1C-C8E9-44EA-9A6E-31EB067A983C}.Release|Any CPU.Build.0 = Release|Any CPU
		{A8B61C1C-C8E9-44EA-9A6E-31EB067A983C}.Release|x64.ActiveCfg = Release|Any CPU
		{A8B61C1C-C8E9-44EA-9A6E-31EB067A983C}.Release|x64.Build.0 = Release|Any CPU
		{A8B61C1C-C8E9-44EA-9A6E-31EB067A983C}.Release|x86.ActiveCfg = Release|Any CPU
		{A8B61C1C-C8E9-44EA-9A6E-31EB067A983C}.Release|x86.Build.0 = Release|Any CPU
		{50D9A246-477E-40CF-98AA-6DF4CBF73B0F}.Debug|Any CPU.ActiveCfg = Debug|Any CPU
		{50D9A246-477E-40CF-98AA-6DF4CBF73B0F}.Debug|Any CPU.Build.0 = Debug|Any CPU
		{50D9A246-477E-40CF-98AA-6DF4CBF73B0F}.Debug|x64.ActiveCfg = Debug|Any CPU
		{50D9A246-477E-40CF-98AA-6DF4CBF73B0F}.Debug|x64.Build.0 = Debug|Any CPU
		{50D9A246-477E-40CF-98AA-6DF4CBF73B0F}.Debug|x86.ActiveCfg = Debug|Any CPU
		{50D9A246-477E-40CF-98AA-6DF4CBF73B0F}.Debug|x86.Build.0 = Debug|Any CPU
		{50D9A246-477E-40CF-98AA-6DF4CBF73B0F}.Release|Any CPU.ActiveCfg = Release|Any CPU
		{50D9A246-477E-40CF-98AA-6DF4CBF73B0F}.Release|Any CPU.Build.0 = Release|Any CPU
		{50D9A246-477E-40CF-98AA-6DF4CBF73B0F}.Release|x64.ActiveCfg = Release|Any CPU
		{50D9A246-477E-40CF-98AA-6DF4CBF73B0F}.Release|x64.Build.0 = Release|Any CPU
		{50D9A246-477E-40CF-98AA-6DF4CBF73B0F}.Release|x86.ActiveCfg = Release|Any CPU
		{50D9A246-477E-40CF-98AA-6DF4CBF73B0F}.Release|x86.Build.0 = Release|Any CPU
		{F2CCB455-204D-4621-8936-DD1FC3853795}.Debug|Any CPU.ActiveCfg = Debug|Any CPU
		{F2CCB455-204D-4621-8936-DD1FC3853795}.Debug|Any CPU.Build.0 = Debug|Any CPU
		{F2CCB455-204D-4621-8936-DD1FC3853795}.Debug|x64.ActiveCfg = Debug|Any CPU
		{F2CCB455-204D-4621-8936-DD1FC3853795}.Debug|x64.Build.0 = Debug|Any CPU
		{F2CCB455-204D-4621-8936-DD1FC3853795}.Debug|x86.ActiveCfg = Debug|Any CPU
		{F2CCB455-204D-4621-8936-DD1FC3853795}.Debug|x86.Build.0 = Debug|Any CPU
		{F2CCB455-204D-4621-8936-DD1FC3853795}.Release|Any CPU.ActiveCfg = Release|Any CPU
		{F2CCB455-204D-4621-8936-DD1FC3853795}.Release|Any CPU.Build.0 = Release|Any CPU
		{F2CCB455-204D-4621-8936-DD1FC3853795}.Release|x64.ActiveCfg = Release|Any CPU
		{F2CCB455-204D-4621-8936-DD1FC3853795}.Release|x64.Build.0 = Release|Any CPU
		{F2CCB455-204D-4621-8936-DD1FC3853795}.Release|x86.ActiveCfg = Release|Any CPU
		{F2CCB455-204D-4621-8936-DD1FC3853795}.Release|x86.Build.0 = Release|Any CPU
		{54C9299D-ED4C-45BB-97DA-4669A3DF51B2}.Debug|Any CPU.ActiveCfg = Debug|Any CPU
		{54C9299D-ED4C-45BB-97DA-4669A3DF51B2}.Debug|Any CPU.Build.0 = Debug|Any CPU
		{54C9299D-ED4C-45BB-97DA-4669A3DF51B2}.Debug|x64.ActiveCfg = Debug|Any CPU
		{54C9299D-ED4C-45BB-97DA-4669A3DF51B2}.Debug|x64.Build.0 = Debug|Any CPU
		{54C9299D-ED4C-45BB-97DA-4669A3DF51B2}.Debug|x86.ActiveCfg = Debug|Any CPU
		{54C9299D-ED4C-45BB-97DA-4669A3DF51B2}.Debug|x86.Build.0 = Debug|Any CPU
		{54C9299D-ED4C-45BB-97DA-4669A3DF51B2}.Release|Any CPU.ActiveCfg = Release|Any CPU
		{54C9299D-ED4C-45BB-97DA-4669A3DF51B2}.Release|Any CPU.Build.0 = Release|Any CPU
		{54C9299D-ED4C-45BB-97DA-4669A3DF51B2}.Release|x64.ActiveCfg = Release|Any CPU
		{54C9299D-ED4C-45BB-97DA-4669A3DF51B2}.Release|x64.Build.0 = Release|Any CPU
		{54C9299D-ED4C-45BB-97DA-4669A3DF51B2}.Release|x86.ActiveCfg = Release|Any CPU
		{54C9299D-ED4C-45BB-97DA-4669A3DF51B2}.Release|x86.Build.0 = Release|Any CPU
	EndGlobalSection
	GlobalSection(SolutionProperties) = preSolution
		HideSolutionNode = FALSE
	EndGlobalSection
	GlobalSection(NestedProjects) = preSolution
		{ACBD1FC5-6F08-453B-9043-000FF6A84E40} = {7450F6DA-D6CB-44F5-B552-AB4F4306ADC6}
		{398BB3DB-5DA5-4994-AAC2-4DDD698819B7} = {ACBD1FC5-6F08-453B-9043-000FF6A84E40}
		{B8C1EEFB-79B6-4E52-83D4-ABA33889C4E1} = {ACBD1FC5-6F08-453B-9043-000FF6A84E40}
		{33011664-CCE5-48EC-8A7C-A1C1CA564919} = {ACBD1FC5-6F08-453B-9043-000FF6A84E40}
		{C700D79E-2F26-4285-BEF8-4385D0997229} = {7450F6DA-D6CB-44F5-B552-AB4F4306ADC6}
		{EB9D9CC4-DA2A-409F-BF69-26AB20D98BBD} = {C700D79E-2F26-4285-BEF8-4385D0997229}
		{BEB3B889-9584-45C1-891C-168860F00357} = {7450F6DA-D6CB-44F5-B552-AB4F4306ADC6}
		{7022F9F5-D22E-4D7C-9CFD-C4F9EDB88F27} = {BEB3B889-9584-45C1-891C-168860F00357}
		{A8B61C1C-C8E9-44EA-9A6E-31EB067A983C} = {BEB3B889-9584-45C1-891C-168860F00357}
		{50D9A246-477E-40CF-98AA-6DF4CBF73B0F} = {BEB3B889-9584-45C1-891C-168860F00357}
		{FE35B6A1-3707-45BE-93D8-A6BFC1DD5731} = {7450F6DA-D6CB-44F5-B552-AB4F4306ADC6}
		{F2CCB455-204D-4621-8936-DD1FC3853795} = {FE35B6A1-3707-45BE-93D8-A6BFC1DD5731}
		{84305846-6B59-4522-B154-8AFBB678FD46} = {7450F6DA-D6CB-44F5-B552-AB4F4306ADC6}
		{54C9299D-ED4C-45BB-97DA-4669A3DF51B2} = {84305846-6B59-4522-B154-8AFBB678FD46}
	EndGlobalSection
	GlobalSection(ExtensibilityGlobals) = postSolution
		SolutionGuid = {FA6E8707-276D-46E0-A9E4-AB37E253FA14}
	EndGlobalSection
EndGlobal
